// !$*UTF8*$!
{
	archiveVersion = 1;
	classes = {
	};
	objectVersion = 50;
	objects = {

/* Begin PBXBuildFile section */
		26D1A9ADC6E1B7F5F8D9D1B8 /* Pods_SharedList.framework in Frameworks */ = {isa = PBXBuildFile; fileRef = 149806525C5E9CFE227BC804 /* Pods_SharedList.framework */; };
		B2A29AF7222491F800698D05 /* AppDelegate.swift in Sources */ = {isa = PBXBuildFile; fileRef = B2A29AF6222491F800698D05 /* AppDelegate.swift */; };
		B2A29AF9222491F800698D05 /* ViewController.swift in Sources */ = {isa = PBXBuildFile; fileRef = B2A29AF8222491F800698D05 /* ViewController.swift */; };
		B2A29AFC222491F800698D05 /* Main.storyboard in Resources */ = {isa = PBXBuildFile; fileRef = B2A29AFA222491F800698D05 /* Main.storyboard */; };
		B2A29AFE222491FA00698D05 /* Assets.xcassets in Resources */ = {isa = PBXBuildFile; fileRef = B2A29AFD222491FA00698D05 /* Assets.xcassets */; };
		B2A29B01222491FA00698D05 /* LaunchScreen.storyboard in Resources */ = {isa = PBXBuildFile; fileRef = B2A29AFF222491FA00698D05 /* LaunchScreen.storyboard */; };
		B2B35E1E222C1ED7000EC2B2 /* SingleListViewController.swift in Sources */ = {isa = PBXBuildFile; fileRef = B2B35E1D222C1ED7000EC2B2 /* SingleListViewController.swift */; };
		B2B35E20222DBB17000EC2B2 /* Item.swift in Sources */ = {isa = PBXBuildFile; fileRef = B2B35E1F222DBB17000EC2B2 /* Item.swift */; };
		B2B35E22222EEF5A000EC2B2 /* FirebaseManager.swift in Sources */ = {isa = PBXBuildFile; fileRef = B2B35E21222EEF5A000EC2B2 /* FirebaseManager.swift */; };
		B2C3D60E222BD343005321BB /* RegisterViewController.swift in Sources */ = {isa = PBXBuildFile; fileRef = B2C3D60D222BD343005321BB /* RegisterViewController.swift */; };
		B2C3D610222BD34D005321BB /* LogInViewController.swift in Sources */ = {isa = PBXBuildFile; fileRef = B2C3D60F222BD34D005321BB /* LogInViewController.swift */; };
		B2C3D612222BD358005321BB /* ListsViewController.swift in Sources */ = {isa = PBXBuildFile; fileRef = B2C3D611222BD358005321BB /* ListsViewController.swift */; };
		B2C3D614222BD59E005321BB /* GoogleService-Info.plist in Resources */ = {isa = PBXBuildFile; fileRef = B2C3D613222BD59E005321BB /* GoogleService-Info.plist */; };
		B2C3D616222BE395005321BB /* List.swift in Sources */ = {isa = PBXBuildFile; fileRef = B2C3D615222BE395005321BB /* List.swift */; };
		B2D9A66222404F2000576591 /* ListManager.swift in Sources */ = {isa = PBXBuildFile; fileRef = B2D9A66122404F2000576591 /* ListManager.swift */; };
/* End PBXBuildFile section */

/* Begin PBXFileReference section */
		01555E8B0F1869532C63765B /* Pods-SharedList.debug.xcconfig */ = {isa = PBXFileReference; includeInIndex = 1; lastKnownFileType = text.xcconfig; name = "Pods-SharedList.debug.xcconfig"; path = "Pods/Target Support Files/Pods-SharedList/Pods-SharedList.debug.xcconfig"; sourceTree = "<group>"; };
		056A402CC157056C2FD6A153 /* Pods-SharedList.release.xcconfig */ = {isa = PBXFileReference; includeInIndex = 1; lastKnownFileType = text.xcconfig; name = "Pods-SharedList.release.xcconfig"; path = "Pods/Target Support Files/Pods-SharedList/Pods-SharedList.release.xcconfig"; sourceTree = "<group>"; };
		149806525C5E9CFE227BC804 /* Pods_SharedList.framework */ = {isa = PBXFileReference; explicitFileType = wrapper.framework; includeInIndex = 0; path = Pods_SharedList.framework; sourceTree = BUILT_PRODUCTS_DIR; };
		B2A29AF3222491F800698D05 /* SharedList.app */ = {isa = PBXFileReference; explicitFileType = wrapper.application; includeInIndex = 0; path = SharedList.app; sourceTree = BUILT_PRODUCTS_DIR; };
		B2A29AF6222491F800698D05 /* AppDelegate.swift */ = {isa = PBXFileReference; lastKnownFileType = sourcecode.swift; path = AppDelegate.swift; sourceTree = "<group>"; };
		B2A29AF8222491F800698D05 /* ViewController.swift */ = {isa = PBXFileReference; lastKnownFileType = sourcecode.swift; path = ViewController.swift; sourceTree = "<group>"; };
		B2A29AFB222491F800698D05 /* Base */ = {isa = PBXFileReference; lastKnownFileType = file.storyboard; name = Base; path = Base.lproj/Main.storyboard; sourceTree = "<group>"; };
		B2A29AFD222491FA00698D05 /* Assets.xcassets */ = {isa = PBXFileReference; lastKnownFileType = folder.assetcatalog; path = Assets.xcassets; sourceTree = "<group>"; };
		B2A29B00222491FA00698D05 /* Base */ = {isa = PBXFileReference; lastKnownFileType = file.storyboard; name = Base; path = Base.lproj/LaunchScreen.storyboard; sourceTree = "<group>"; };
		B2A29B02222491FA00698D05 /* Info.plist */ = {isa = PBXFileReference; lastKnownFileType = text.plist.xml; path = Info.plist; sourceTree = "<group>"; };
		B2B35E1D222C1ED7000EC2B2 /* SingleListViewController.swift */ = {isa = PBXFileReference; lastKnownFileType = sourcecode.swift; path = SingleListViewController.swift; sourceTree = "<group>"; };
		B2B35E1F222DBB17000EC2B2 /* Item.swift */ = {isa = PBXFileReference; lastKnownFileType = sourcecode.swift; path = Item.swift; sourceTree = "<group>"; };
		B2B35E21222EEF5A000EC2B2 /* FirebaseManager.swift */ = {isa = PBXFileReference; lastKnownFileType = sourcecode.swift; path = FirebaseManager.swift; sourceTree = "<group>"; };
		B2C3D60D222BD343005321BB /* RegisterViewController.swift */ = {isa = PBXFileReference; lastKnownFileType = sourcecode.swift; path = RegisterViewController.swift; sourceTree = "<group>"; };
		B2C3D60F222BD34D005321BB /* LogInViewController.swift */ = {isa = PBXFileReference; lastKnownFileType = sourcecode.swift; path = LogInViewController.swift; sourceTree = "<group>"; };
		B2C3D611222BD358005321BB /* ListsViewController.swift */ = {isa = PBXFileReference; lastKnownFileType = sourcecode.swift; path = ListsViewController.swift; sourceTree = "<group>"; };
		B2C3D613222BD59E005321BB /* GoogleService-Info.plist */ = {isa = PBXFileReference; fileEncoding = 4; lastKnownFileType = text.plist.xml; path = "GoogleService-Info.plist"; sourceTree = "<group>"; };
		B2C3D615222BE395005321BB /* List.swift */ = {isa = PBXFileReference; lastKnownFileType = sourcecode.swift; path = List.swift; sourceTree = "<group>"; };
		B2D9A66122404F2000576591 /* ListManager.swift */ = {isa = PBXFileReference; lastKnownFileType = sourcecode.swift; path = ListManager.swift; sourceTree = "<group>"; };
/* End PBXFileReference section */

/* Begin PBXFrameworksBuildPhase section */
		B2A29AF0222491F800698D05 /* Frameworks */ = {
			isa = PBXFrameworksBuildPhase;
			buildActionMask = 2147483647;
			files = (
				26D1A9ADC6E1B7F5F8D9D1B8 /* Pods_SharedList.framework in Frameworks */,
			);
			runOnlyForDeploymentPostprocessing = 0;
		};
/* End PBXFrameworksBuildPhase section */

/* Begin PBXGroup section */
		00325882394860275448BEFB /* Frameworks */ = {
			isa = PBXGroup;
			children = (
				149806525C5E9CFE227BC804 /* Pods_SharedList.framework */,
			);
			name = Frameworks;
			sourceTree = "<group>";
		};
		589CF831EE6C02D6194111AA /* Pods */ = {
			isa = PBXGroup;
			children = (
				01555E8B0F1869532C63765B /* Pods-SharedList.debug.xcconfig */,
				056A402CC157056C2FD6A153 /* Pods-SharedList.release.xcconfig */,
			);
			name = Pods;
			sourceTree = "<group>";
		};
		B2A29AEA222491F800698D05 = {
			isa = PBXGroup;
			children = (
				B2A29AF5222491F800698D05 /* SharedList */,
				B2A29AF4222491F800698D05 /* Products */,
				589CF831EE6C02D6194111AA /* Pods */,
				00325882394860275448BEFB /* Frameworks */,
			);
			sourceTree = "<group>";
		};
		B2A29AF4222491F800698D05 /* Products */ = {
			isa = PBXGroup;
			children = (
				B2A29AF3222491F800698D05 /* SharedList.app */,
			);
			name = Products;
			sourceTree = "<group>";
		};
		B2A29AF5222491F800698D05 /* SharedList */ = {
			isa = PBXGroup;
			children = (
				B2D9A66122404F2000576591 /* ListManager.swift */,
				B2B35E21222EEF5A000EC2B2 /* FirebaseManager.swift */,
				B2A29AF6222491F800698D05 /* AppDelegate.swift */,
				B2C3D60B222BD314005321BB /* Controller */,
				B2C3D60C222BD327005321BB /* View */,
				B2A29AFD222491FA00698D05 /* Assets.xcassets */,
				B2A29B02222491FA00698D05 /* Info.plist */,
				B2C3D613222BD59E005321BB /* GoogleService-Info.plist */,
				B2C3D617222BE3E7005321BB /* Model */,
			);
			path = SharedList;
			sourceTree = "<group>";
		};
		B2C3D60B222BD314005321BB /* Controller */ = {
			isa = PBXGroup;
			children = (
				B2A29AF8222491F800698D05 /* ViewController.swift */,
				B2C3D60D222BD343005321BB /* RegisterViewController.swift */,
				B2C3D60F222BD34D005321BB /* LogInViewController.swift */,
				B2C3D611222BD358005321BB /* ListsViewController.swift */,
				B2B35E1D222C1ED7000EC2B2 /* SingleListViewController.swift */,
			);
			path = Controller;
			sourceTree = "<group>";
		};
		B2C3D60C222BD327005321BB /* View */ = {
			isa = PBXGroup;
			children = (
				B2A29AFA222491F800698D05 /* Main.storyboard */,
				B2A29AFF222491FA00698D05 /* LaunchScreen.storyboard */,
			);
			path = View;
			sourceTree = "<group>";
		};
		B2C3D617222BE3E7005321BB /* Model */ = {
			isa = PBXGroup;
			children = (
				B2C3D615222BE395005321BB /* List.swift */,
				B2B35E1F222DBB17000EC2B2 /* Item.swift */,
			);
			path = Model;
			sourceTree = "<group>";
		};
/* End PBXGroup section */

/* Begin PBXNativeTarget section */
		B2A29AF2222491F800698D05 /* SharedList */ = {
			isa = PBXNativeTarget;
			buildConfigurationList = B2A29B05222491FA00698D05 /* Build configuration list for PBXNativeTarget "SharedList" */;
			buildPhases = (
				02C5511A60E62761B26C86A9 /* [CP] Check Pods Manifest.lock */,
				B2A29AEF222491F800698D05 /* Sources */,
				B2A29AF0222491F800698D05 /* Frameworks */,
				B2A29AF1222491F800698D05 /* Resources */,
				7571F698BA20697A5184CF64 /* [CP] Embed Pods Frameworks */,
			);
			buildRules = (
			);
			dependencies = (
			);
			name = SharedList;
			productName = SharedList;
			productReference = B2A29AF3222491F800698D05 /* SharedList.app */;
			productType = "com.apple.product-type.application";
		};
/* End PBXNativeTarget section */

/* Begin PBXProject section */
		B2A29AEB222491F800698D05 /* Project object */ = {
			isa = PBXProject;
			attributes = {
				LastSwiftUpdateCheck = 1010;
				LastUpgradeCheck = 1010;
				ORGANIZATIONNAME = Lukasz;
				TargetAttributes = {
					B2A29AF2222491F800698D05 = {
						CreatedOnToolsVersion = 10.1;
					};
				};
			};
			buildConfigurationList = B2A29AEE222491F800698D05 /* Build configuration list for PBXProject "SharedList" */;
			compatibilityVersion = "Xcode 9.3";
			developmentRegion = en;
			hasScannedForEncodings = 0;
			knownRegions = (
				en,
				Base,
			);
			mainGroup = B2A29AEA222491F800698D05;
			productRefGroup = B2A29AF4222491F800698D05 /* Products */;
			projectDirPath = "";
			projectRoot = "";
			targets = (
				B2A29AF2222491F800698D05 /* SharedList */,
			);
		};
/* End PBXProject section */

/* Begin PBXResourcesBuildPhase section */
		B2A29AF1222491F800698D05 /* Resources */ = {
			isa = PBXResourcesBuildPhase;
			buildActionMask = 2147483647;
			files = (
				B2A29B01222491FA00698D05 /* LaunchScreen.storyboard in Resources */,
				B2C3D614222BD59E005321BB /* GoogleService-Info.plist in Resources */,
				B2A29AFE222491FA00698D05 /* Assets.xcassets in Resources */,
				B2A29AFC222491F800698D05 /* Main.storyboard in Resources */,
			);
			runOnlyForDeploymentPostprocessing = 0;
		};
/* End PBXResourcesBuildPhase section */

/* Begin PBXShellScriptBuildPhase section */
		02C5511A60E62761B26C86A9 /* [CP] Check Pods Manifest.lock */ = {
			isa = PBXShellScriptBuildPhase;
			buildActionMask = 2147483647;
			files = (
			);
			inputFileListPaths = (
			);
			inputPaths = (
				"${PODS_PODFILE_DIR_PATH}/Podfile.lock",
				"${PODS_ROOT}/Manifest.lock",
			);
			name = "[CP] Check Pods Manifest.lock";
			outputFileListPaths = (
			);
			outputPaths = (
				"$(DERIVED_FILE_DIR)/Pods-SharedList-checkManifestLockResult.txt",
			);
			runOnlyForDeploymentPostprocessing = 0;
			shellPath = /bin/sh;
			shellScript = "diff \"${PODS_PODFILE_DIR_PATH}/Podfile.lock\" \"${PODS_ROOT}/Manifest.lock\" > /dev/null\nif [ $? != 0 ] ; then\n    # print error to STDERR\n    echo \"error: The sandbox is not in sync with the Podfile.lock. Run 'pod install' or update your CocoaPods installation.\" >&2\n    exit 1\nfi\n# This output is used by Xcode 'outputs' to avoid re-running this script phase.\necho \"SUCCESS\" > \"${SCRIPT_OUTPUT_FILE_0}\"\n";
			showEnvVarsInLog = 0;
		};
		7571F698BA20697A5184CF64 /* [CP] Embed Pods Frameworks */ = {
			isa = PBXShellScriptBuildPhase;
			buildActionMask = 2147483647;
			files = (
			);
			inputFileListPaths = (
			);
			inputPaths = (
				"${SRCROOT}/Pods/Target Support Files/Pods-SharedList/Pods-SharedList-frameworks.sh",
				"${BUILT_PRODUCTS_DIR}/ChameleonFramework/ChameleonFramework.framework",
				"${BUILT_PRODUCTS_DIR}/GTMSessionFetcher/GTMSessionFetcher.framework",
				"${BUILT_PRODUCTS_DIR}/GoogleUtilities/GoogleUtilities.framework",
				"${BUILT_PRODUCTS_DIR}/SVProgressHUD/SVProgressHUD.framework",
				"${BUILT_PRODUCTS_DIR}/leveldb-library/leveldb.framework",
				"${BUILT_PRODUCTS_DIR}/nanopb/nanopb.framework",
			);
			name = "[CP] Embed Pods Frameworks";
			outputFileListPaths = (
			);
			outputPaths = (
				"${TARGET_BUILD_DIR}/${FRAMEWORKS_FOLDER_PATH}/ChameleonFramework.framework",
				"${TARGET_BUILD_DIR}/${FRAMEWORKS_FOLDER_PATH}/GTMSessionFetcher.framework",
				"${TARGET_BUILD_DIR}/${FRAMEWORKS_FOLDER_PATH}/GoogleUtilities.framework",
				"${TARGET_BUILD_DIR}/${FRAMEWORKS_FOLDER_PATH}/SVProgressHUD.framework",
				"${TARGET_BUILD_DIR}/${FRAMEWORKS_FOLDER_PATH}/leveldb.framework",
				"${TARGET_BUILD_DIR}/${FRAMEWORKS_FOLDER_PATH}/nanopb.framework",
			);
			runOnlyForDeploymentPostprocessing = 0;
			shellPath = /bin/sh;
			shellScript = "\"${SRCROOT}/Pods/Target Support Files/Pods-SharedList/Pods-SharedList-frameworks.sh\"\n";
			showEnvVarsInLog = 0;
		};
/* End PBXShellScriptBuildPhase section */

/* Begin PBXSourcesBuildPhase section */
		B2A29AEF222491F800698D05 /* Sources */ = {
			isa = PBXSourcesBuildPhase;
			buildActionMask = 2147483647;
			files = (
				B2C3D610222BD34D005321BB /* LogInViewController.swift in Sources */,
				B2C3D60E222BD343005321BB /* RegisterViewController.swift in Sources */,
				B2A29AF9222491F800698D05 /* ViewController.swift in Sources */,
				B2B35E22222EEF5A000EC2B2 /* FirebaseManager.swift in Sources */,
				B2A29AF7222491F800698D05 /* AppDelegate.swift in Sources */,
				B2B35E20222DBB17000EC2B2 /* Item.swift in Sources */,
				B2C3D612222BD358005321BB /* ListsViewController.swift in Sources */,
				B2C3D616222BE395005321BB /* List.swift in Sources */,
				B2B35E1E222C1ED7000EC2B2 /* SingleListViewController.swift in Sources */,
				B2D9A66222404F2000576591 /* ListManager.swift in Sources */,
			);
			runOnlyForDeploymentPostprocessing = 0;
		};
/* End PBXSourcesBuildPhase section */

/* Begin PBXVariantGroup section */
		B2A29AFA222491F800698D05 /* Main.storyboard */ = {
			isa = PBXVariantGroup;
			children = (
				B2A29AFB222491F800698D05 /* Base */,
			);
			name = Main.storyboard;
			sourceTree = "<group>";
		};
		B2A29AFF222491FA00698D05 /* LaunchScreen.storyboard */ = {
			isa = PBXVariantGroup;
			children = (
				B2A29B00222491FA00698D05 /* Base */,
			);
			name = LaunchScreen.storyboard;
			sourceTree = "<group>";
		};
/* End PBXVariantGroup section */

/* Begin XCBuildConfiguration section */
		B2A29B03222491FA00698D05 /* Debug */ = {
			isa = XCBuildConfiguration;
			buildSettings = {
				ALWAYS_SEARCH_USER_PATHS = NO;
				CLANG_ANALYZER_NONNULL = YES;
				CLANG_ANALYZER_NUMBER_OBJECT_CONVERSION = YES_AGGRESSIVE;
				CLANG_CXX_LANGUAGE_STANDARD = "gnu++14";
				CLANG_CXX_LIBRARY = "libc++";
				CLANG_ENABLE_MODULES = YES;
				CLANG_ENABLE_OBJC_ARC = YES;
				CLANG_ENABLE_OBJC_WEAK = YES;
				CLANG_WARN_BLOCK_CAPTURE_AUTORELEASING = YES;
				CLANG_WARN_BOOL_CONVERSION = YES;
				CLANG_WARN_COMMA = YES;
				CLANG_WARN_CONSTANT_CONVERSION = YES;
				CLANG_WARN_DEPRECATED_OBJC_IMPLEMENTATIONS = YES;
				CLANG_WARN_DIRECT_OBJC_ISA_USAGE = YES_ERROR;
				CLANG_WARN_DOCUMENTATION_COMMENTS = YES;
				CLANG_WARN_EMPTY_BODY = YES;
				CLANG_WARN_ENUM_CONVERSION = YES;
				CLANG_WARN_INFINITE_RECURSION = YES;
				CLANG_WARN_INT_CONVERSION = YES;
				CLANG_WARN_NON_LITERAL_NULL_CONVERSION = YES;
				CLANG_WARN_OBJC_IMPLICIT_RETAIN_SELF = YES;
				CLANG_WARN_OBJC_LITERAL_CONVERSION = YES;
				CLANG_WARN_OBJC_ROOT_CLASS = YES_ERROR;
				CLANG_WARN_RANGE_LOOP_ANALYSIS = YES;
				CLANG_WARN_STRICT_PROTOTYPES = YES;
				CLANG_WARN_SUSPICIOUS_MOVE = YES;
				CLANG_WARN_UNGUARDED_AVAILABILITY = YES_AGGRESSIVE;
				CLANG_WARN_UNREACHABLE_CODE = YES;
				CLANG_WARN__DUPLICATE_METHOD_MATCH = YES;
				CODE_SIGN_IDENTITY = "iPhone Developer";
				COPY_PHASE_STRIP = NO;
				DEBUG_INFORMATION_FORMAT = dwarf;
				ENABLE_STRICT_OBJC_MSGSEND = YES;
				ENABLE_TESTABILITY = YES;
				GCC_C_LANGUAGE_STANDARD = gnu11;
				GCC_DYNAMIC_NO_PIC = NO;
				GCC_NO_COMMON_BLOCKS = YES;
				GCC_OPTIMIZATION_LEVEL = 0;
				GCC_PREPROCESSOR_DEFINITIONS = (
					"DEBUG=1",
					"$(inherited)",
				);
				GCC_WARN_64_TO_32_BIT_CONVERSION = YES;
				GCC_WARN_ABOUT_RETURN_TYPE = YES_ERROR;
				GCC_WARN_UNDECLARED_SELECTOR = YES;
				GCC_WARN_UNINITIALIZED_AUTOS = YES_AGGRESSIVE;
				GCC_WARN_UNUSED_FUNCTION = YES;
				GCC_WARN_UNUSED_VARIABLE = YES;
				IPHONEOS_DEPLOYMENT_TARGET = 12.1;
				MTL_ENABLE_DEBUG_INFO = INCLUDE_SOURCE;
				MTL_FAST_MATH = YES;
				ONLY_ACTIVE_ARCH = YES;
				SDKROOT = iphoneos;
				SWIFT_ACTIVE_COMPILATION_CONDITIONS = DEBUG;
				SWIFT_OPTIMIZATION_LEVEL = "-Onone";
			};
			name = Debug;
		};
		B2A29B04222491FA00698D05 /* Release */ = {
			isa = XCBuildConfiguration;
			buildSettings = {
				ALWAYS_SEARCH_USER_PATHS = NO;
				CLANG_ANALYZER_NONNULL = YES;
				CLANG_ANALYZER_NUMBER_OBJECT_CONVERSION = YES_AGGRESSIVE;
				CLANG_CXX_LANGUAGE_STANDARD = "gnu++14";
				CLANG_CXX_LIBRARY = "libc++";
				CLANG_ENABLE_MODULES = YES;
				CLANG_ENABLE_OBJC_ARC = YES;
				CLANG_ENABLE_OBJC_WEAK = YES;
				CLANG_WARN_BLOCK_CAPTURE_AUTORELEASING = YES;
				CLANG_WARN_BOOL_CONVERSION = YES;
				CLANG_WARN_COMMA = YES;
				CLANG_WARN_CONSTANT_CONVERSION = YES;
				CLANG_WARN_DEPRECATED_OBJC_IMPLEMENTATIONS = YES;
				CLANG_WARN_DIRECT_OBJC_ISA_USAGE = YES_ERROR;
				CLANG_WARN_DOCUMENTATION_COMMENTS = YES;
				CLANG_WARN_EMPTY_BODY = YES;
				CLANG_WARN_ENUM_CONVERSION = YES;
				CLANG_WARN_INFINITE_RECURSION = YES;
				CLANG_WARN_INT_CONVERSION = YES;
				CLANG_WARN_NON_LITERAL_NULL_CONVERSION = YES;
				CLANG_WARN_OBJC_IMPLICIT_RETAIN_SELF = YES;
				CLANG_WARN_OBJC_LITERAL_CONVERSION = YES;
				CLANG_WARN_OBJC_ROOT_CLASS = YES_ERROR;
				CLANG_WARN_RANGE_LOOP_ANALYSIS = YES;
				CLANG_WARN_STRICT_PROTOTYPES = YES;
				CLANG_WARN_SUSPICIOUS_MOVE = YES;
				CLANG_WARN_UNGUARDED_AVAILABILITY = YES_AGGRESSIVE;
				CLANG_WARN_UNREACHABLE_CODE = YES;
				CLANG_WARN__DUPLICATE_METHOD_MATCH = YES;
				CODE_SIGN_IDENTITY = "iPhone Developer";
				COPY_PHASE_STRIP = NO;
				DEBUG_INFORMATION_FORMAT = "dwarf-with-dsym";
				ENABLE_NS_ASSERTIONS = NO;
				ENABLE_STRICT_OBJC_MSGSEND = YES;
				GCC_C_LANGUAGE_STANDARD = gnu11;
				GCC_NO_COMMON_BLOCKS = YES;
				GCC_WARN_64_TO_32_BIT_CONVERSION = YES;
				GCC_WARN_ABOUT_RETURN_TYPE = YES_ERROR;
				GCC_WARN_UNDECLARED_SELECTOR = YES;
				GCC_WARN_UNINITIALIZED_AUTOS = YES_AGGRESSIVE;
				GCC_WARN_UNUSED_FUNCTION = YES;
				GCC_WARN_UNUSED_VARIABLE = YES;
				IPHONEOS_DEPLOYMENT_TARGET = 12.1;
				MTL_ENABLE_DEBUG_INFO = NO;
				MTL_FAST_MATH = YES;
				SDKROOT = iphoneos;
				SWIFT_COMPILATION_MODE = wholemodule;
				SWIFT_OPTIMIZATION_LEVEL = "-O";
				VALIDATE_PRODUCT = YES;
			};
			name = Release;
		};
		B2A29B06222491FA00698D05 /* Debug */ = {
			isa = XCBuildConfiguration;
			baseConfigurationReference = 01555E8B0F1869532C63765B /* Pods-SharedList.debug.xcconfig */;
			buildSettings = {
				ASSETCATALOG_COMPILER_APPICON_NAME = AppIcon;
				CODE_SIGN_STYLE = Automatic;
				DEVELOPMENT_TEAM = B942GL56UY;
				INFOPLIST_FILE = SharedList/Info.plist;
				LD_RUNPATH_SEARCH_PATHS = (
					"$(inherited)",
					"@executable_path/Frameworks",
				);
				PRODUCT_BUNDLE_IDENTIFIER = com.AW.SharedList;
				PRODUCT_NAME = "$(TARGET_NAME)";
				SWIFT_VERSION = 4.2;
				TARGETED_DEVICE_FAMILY = "1,2";
			};
			name = Debug;
		};
		B2A29B07222491FA00698D05 /* Release */ = {
			isa = XCBuildConfiguration;
			baseConfigurationReference = 056A402CC157056C2FD6A153 /* Pods-SharedList.release.xcconfig */;
			buildSettings = {
				ASSETCATALOG_COMPILER_APPICON_NAME = AppIcon;
				CODE_SIGN_STYLE = Automatic;
				DEVELOPMENT_TEAM = B942GL56UY;
				INFOPLIST_FILE = SharedList/Info.plist;
				LD_RUNPATH_SEARCH_PATHS = (
					"$(inherited)",
					"@executable_path/Frameworks",
				);
				PRODUCT_BUNDLE_IDENTIFIER = com.AW.SharedList;
				PRODUCT_NAME = "$(TARGET_NAME)";
				SWIFT_VERSION = 4.2;
				TARGETED_DEVICE_FAMILY = "1,2";
			};
			name = Release;
		};
/* End XCBuildConfiguration section */

/* Begin XCConfigurationList section */
		B2A29AEE222491F800698D05 /* Build configuration list for PBXProject "SharedList" */ = {
			isa = XCConfigurationList;
			buildConfigurations = (
				B2A29B03222491FA00698D05 /* Debug */,
				B2A29B04222491FA00698D05 /* Release */,
			);
			defaultConfigurationIsVisible = 0;
			defaultConfigurationName = Release;
		};
		B2A29B05222491FA00698D05 /* Build configuration list for PBXNativeTarget "SharedList" */ = {
			isa = XCConfigurationList;
			buildConfigurations = (
				B2A29B06222491FA00698D05 /* Debug */,
				B2A29B07222491FA00698D05 /* Release */,
			);
			defaultConfigurationIsVisible = 0;
			defaultConfigurationName = Release;
		};
/* End XCConfigurationList section */
	};
	rootObject = B2A29AEB222491F800698D05 /* Project object */;
}
