// !$*UTF8*$!
{
	archiveVersion = 1;
	classes = {
	};
	objectVersion = 51;
	objects = {

/* Begin PBXBuildFile section */
		B21419F122A1A08300EFC13F /* KeyboardLayoutConstraint.swift in Sources */ = {isa = PBXBuildFile; fileRef = B21419F022A1A08300EFC13F /* KeyboardLayoutConstraint.swift */; };
		B21C3D46225A5EE400723702 /* ObserversHandler.swift in Sources */ = {isa = PBXBuildFile; fileRef = B21C3D45225A5EE400723702 /* ObserversHandler.swift */; };
		B220207122C91FFD00721A1C /* InvitationManager.swift in Sources */ = {isa = PBXBuildFile; fileRef = B220207022C91FFD00721A1C /* InvitationManager.swift */; };
		B2227B4322B8241B0001BED5 /* ShareListViewController.swift in Sources */ = {isa = PBXBuildFile; fileRef = B2227B4122B8241B0001BED5 /* ShareListViewController.swift */; };
		B2227B4422B8241B0001BED5 /* ShareListViewController.xib in Resources */ = {isa = PBXBuildFile; fileRef = B2227B4222B8241B0001BED5 /* ShareListViewController.xib */; };
		B26A275722511C9E00091C43 /* User.swift in Sources */ = {isa = PBXBuildFile; fileRef = B26A275622511C9E00091C43 /* User.swift */; };
		B26A275922511D0C00091C43 /* AuthManager.swift in Sources */ = {isa = PBXBuildFile; fileRef = B26A275822511D0C00091C43 /* AuthManager.swift */; };
		B28AA0E022DFA362006C3237 /* ViewControllersCommon.swift in Sources */ = {isa = PBXBuildFile; fileRef = B28AA0DF22DFA362006C3237 /* ViewControllersCommon.swift */; };
		B2A29AF7222491F800698D05 /* AppDelegate.swift in Sources */ = {isa = PBXBuildFile; fileRef = B2A29AF6222491F800698D05 /* AppDelegate.swift */; };
		B2A29AF9222491F800698D05 /* ViewController.swift in Sources */ = {isa = PBXBuildFile; fileRef = B2A29AF8222491F800698D05 /* ViewController.swift */; };
		B2A29AFC222491F800698D05 /* Main.storyboard in Resources */ = {isa = PBXBuildFile; fileRef = B2A29AFA222491F800698D05 /* Main.storyboard */; };
		B2A29AFE222491FA00698D05 /* Assets.xcassets in Resources */ = {isa = PBXBuildFile; fileRef = B2A29AFD222491FA00698D05 /* Assets.xcassets */; };
		B2A29B01222491FA00698D05 /* LaunchScreen.storyboard in Resources */ = {isa = PBXBuildFile; fileRef = B2A29AFF222491FA00698D05 /* LaunchScreen.storyboard */; };
		B2A7266B224D6E610087B46B /* FirebaseUtilities.swift in Sources */ = {isa = PBXBuildFile; fileRef = B2A7266A224D6E610087B46B /* FirebaseUtilities.swift */; };
		B2ADCA1822B7FBB6004F7576 /* ListEditViewController.swift in Sources */ = {isa = PBXBuildFile; fileRef = B2ADCA1722B7FBB6004F7576 /* ListEditViewController.swift */; };
		B2B35E1E222C1ED7000EC2B2 /* SingleListViewController.swift in Sources */ = {isa = PBXBuildFile; fileRef = B2B35E1D222C1ED7000EC2B2 /* SingleListViewController.swift */; };
		B2B35E20222DBB17000EC2B2 /* Item.swift in Sources */ = {isa = PBXBuildFile; fileRef = B2B35E1F222DBB17000EC2B2 /* Item.swift */; };
		B2B35E22222EEF5A000EC2B2 /* FirebaseManager.swift in Sources */ = {isa = PBXBuildFile; fileRef = B2B35E21222EEF5A000EC2B2 /* FirebaseManager.swift */; };
		B2C06E832249459B0074C43E /* TimeoutGuard.swift in Sources */ = {isa = PBXBuildFile; fileRef = B2C06E822249459B0074C43E /* TimeoutGuard.swift */; };
		B2C3D60E222BD343005321BB /* RegisterViewController.swift in Sources */ = {isa = PBXBuildFile; fileRef = B2C3D60D222BD343005321BB /* RegisterViewController.swift */; };
		B2C3D610222BD34D005321BB /* LogInViewController.swift in Sources */ = {isa = PBXBuildFile; fileRef = B2C3D60F222BD34D005321BB /* LogInViewController.swift */; };
		B2C3D612222BD358005321BB /* ListsViewController.swift in Sources */ = {isa = PBXBuildFile; fileRef = B2C3D611222BD358005321BB /* ListsViewController.swift */; };
		B2C3D614222BD59E005321BB /* GoogleService-Info.plist in Resources */ = {isa = PBXBuildFile; fileRef = B2C3D613222BD59E005321BB /* GoogleService-Info.plist */; };
		B2C3D616222BE395005321BB /* List.swift in Sources */ = {isa = PBXBuildFile; fileRef = B2C3D615222BE395005321BB /* List.swift */; };
		B2C7161C2295DE3D0047E2A2 /* SingleListManager.swift in Sources */ = {isa = PBXBuildFile; fileRef = B2C7161B2295DE3D0047E2A2 /* SingleListManager.swift */; };
		B2C7161E22972C770047E2A2 /* FrbChangedObserver.swift in Sources */ = {isa = PBXBuildFile; fileRef = B2C7161D22972C770047E2A2 /* FrbChangedObserver.swift */; };
		B2C71620229735D00047E2A2 /* Items.swift in Sources */ = {isa = PBXBuildFile; fileRef = B2C7161F229735D00047E2A2 /* Items.swift */; };
		B2D9A66222404F2000576591 /* ListsManager.swift in Sources */ = {isa = PBXBuildFile; fileRef = B2D9A66122404F2000576591 /* ListsManager.swift */; };
		B2D9A6692247D91400576591 /* Invitation.swift in Sources */ = {isa = PBXBuildFile; fileRef = B2D9A6682247D91400576591 /* Invitation.swift */; };
		B2D9A66B2248230300576591 /* InvitationsViewController.swift in Sources */ = {isa = PBXBuildFile; fileRef = B2D9A66A2248230300576591 /* InvitationsViewController.swift */; };
		D38C9C17E910373543BCCB9E /* libPods-SharedList.a in Frameworks */ = {isa = PBXBuildFile; fileRef = DEBA94ECABBD3A3EA6EDCF9D /* libPods-SharedList.a */; };
/* End PBXBuildFile section */

/* Begin PBXFileReference section */
		01555E8B0F1869532C63765B /* Pods-SharedList.debug.xcconfig */ = {isa = PBXFileReference; includeInIndex = 1; lastKnownFileType = text.xcconfig; name = "Pods-SharedList.debug.xcconfig"; path = "Pods/Target Support Files/Pods-SharedList/Pods-SharedList.debug.xcconfig"; sourceTree = "<group>"; };
		056A402CC157056C2FD6A153 /* Pods-SharedList.release.xcconfig */ = {isa = PBXFileReference; includeInIndex = 1; lastKnownFileType = text.xcconfig; name = "Pods-SharedList.release.xcconfig"; path = "Pods/Target Support Files/Pods-SharedList/Pods-SharedList.release.xcconfig"; sourceTree = "<group>"; };
		B21419F022A1A08300EFC13F /* KeyboardLayoutConstraint.swift */ = {isa = PBXFileReference; fileEncoding = 4; lastKnownFileType = sourcecode.swift; path = KeyboardLayoutConstraint.swift; sourceTree = "<group>"; };
		B21C3D45225A5EE400723702 /* ObserversHandler.swift */ = {isa = PBXFileReference; lastKnownFileType = sourcecode.swift; name = ObserversHandler.swift; path = ../Managers/ObserversHandler.swift; sourceTree = "<group>"; };
		B220207022C91FFD00721A1C /* InvitationManager.swift */ = {isa = PBXFileReference; lastKnownFileType = sourcecode.swift; path = InvitationManager.swift; sourceTree = "<group>"; };
		B2227B4122B8241B0001BED5 /* ShareListViewController.swift */ = {isa = PBXFileReference; lastKnownFileType = sourcecode.swift; path = ShareListViewController.swift; sourceTree = "<group>"; };
		B2227B4222B8241B0001BED5 /* ShareListViewController.xib */ = {isa = PBXFileReference; lastKnownFileType = file.xib; name = ShareListViewController.xib; path = ../Controller/ShareListViewController.xib; sourceTree = "<group>"; };
		B26A275622511C9E00091C43 /* User.swift */ = {isa = PBXFileReference; lastKnownFileType = sourcecode.swift; path = User.swift; sourceTree = "<group>"; };
		B26A275822511D0C00091C43 /* AuthManager.swift */ = {isa = PBXFileReference; lastKnownFileType = sourcecode.swift; path = AuthManager.swift; sourceTree = "<group>"; };
		B28AA0DF22DFA362006C3237 /* ViewControllersCommon.swift */ = {isa = PBXFileReference; lastKnownFileType = sourcecode.swift; path = ViewControllersCommon.swift; sourceTree = "<group>"; };
		B2A29AF3222491F800698D05 /* SharedList.app */ = {isa = PBXFileReference; explicitFileType = wrapper.application; includeInIndex = 0; path = SharedList.app; sourceTree = BUILT_PRODUCTS_DIR; };
		B2A29AF6222491F800698D05 /* AppDelegate.swift */ = {isa = PBXFileReference; lastKnownFileType = sourcecode.swift; path = AppDelegate.swift; sourceTree = "<group>"; };
		B2A29AF8222491F800698D05 /* ViewController.swift */ = {isa = PBXFileReference; lastKnownFileType = sourcecode.swift; path = ViewController.swift; sourceTree = "<group>"; };
		B2A29AFB222491F800698D05 /* Base */ = {isa = PBXFileReference; lastKnownFileType = file.storyboard; name = Base; path = Base.lproj/Main.storyboard; sourceTree = "<group>"; };
		B2A29AFD222491FA00698D05 /* Assets.xcassets */ = {isa = PBXFileReference; lastKnownFileType = folder.assetcatalog; path = Assets.xcassets; sourceTree = "<group>"; };
		B2A29B00222491FA00698D05 /* Base */ = {isa = PBXFileReference; lastKnownFileType = file.storyboard; name = Base; path = Base.lproj/LaunchScreen.storyboard; sourceTree = "<group>"; };
		B2A29B02222491FA00698D05 /* Info.plist */ = {isa = PBXFileReference; lastKnownFileType = text.plist.xml; path = Info.plist; sourceTree = "<group>"; };
		B2A7266A224D6E610087B46B /* FirebaseUtilities.swift */ = {isa = PBXFileReference; lastKnownFileType = sourcecode.swift; name = FirebaseUtilities.swift; path = ../Managers/FirebaseUtilities.swift; sourceTree = "<group>"; };
		B2ADCA1722B7FBB6004F7576 /* ListEditViewController.swift */ = {isa = PBXFileReference; lastKnownFileType = sourcecode.swift; path = ListEditViewController.swift; sourceTree = "<group>"; };
		B2B35E1D222C1ED7000EC2B2 /* SingleListViewController.swift */ = {isa = PBXFileReference; lastKnownFileType = sourcecode.swift; path = SingleListViewController.swift; sourceTree = "<group>"; };
		B2B35E1F222DBB17000EC2B2 /* Item.swift */ = {isa = PBXFileReference; lastKnownFileType = sourcecode.swift; path = Item.swift; sourceTree = "<group>"; };
		B2B35E21222EEF5A000EC2B2 /* FirebaseManager.swift */ = {isa = PBXFileReference; lastKnownFileType = sourcecode.swift; path = FirebaseManager.swift; sourceTree = "<group>"; };
		B2C06E822249459B0074C43E /* TimeoutGuard.swift */ = {isa = PBXFileReference; lastKnownFileType = sourcecode.swift; path = TimeoutGuard.swift; sourceTree = "<group>"; };
		B2C3D60D222BD343005321BB /* RegisterViewController.swift */ = {isa = PBXFileReference; lastKnownFileType = sourcecode.swift; path = RegisterViewController.swift; sourceTree = "<group>"; };
		B2C3D60F222BD34D005321BB /* LogInViewController.swift */ = {isa = PBXFileReference; lastKnownFileType = sourcecode.swift; path = LogInViewController.swift; sourceTree = "<group>"; };
		B2C3D611222BD358005321BB /* ListsViewController.swift */ = {isa = PBXFileReference; lastKnownFileType = sourcecode.swift; path = ListsViewController.swift; sourceTree = "<group>"; };
		B2C3D613222BD59E005321BB /* GoogleService-Info.plist */ = {isa = PBXFileReference; fileEncoding = 4; lastKnownFileType = text.plist.xml; path = "GoogleService-Info.plist"; sourceTree = "<group>"; };
		B2C3D615222BE395005321BB /* List.swift */ = {isa = PBXFileReference; lastKnownFileType = sourcecode.swift; path = List.swift; sourceTree = "<group>"; };
		B2C7161B2295DE3D0047E2A2 /* SingleListManager.swift */ = {isa = PBXFileReference; lastKnownFileType = sourcecode.swift; path = SingleListManager.swift; sourceTree = "<group>"; };
		B2C7161D22972C770047E2A2 /* FrbChangedObserver.swift */ = {isa = PBXFileReference; lastKnownFileType = sourcecode.swift; path = FrbChangedObserver.swift; sourceTree = "<group>"; };
		B2C7161F229735D00047E2A2 /* Items.swift */ = {isa = PBXFileReference; lastKnownFileType = sourcecode.swift; path = Items.swift; sourceTree = "<group>"; };
		B2D9A66122404F2000576591 /* ListsManager.swift */ = {isa = PBXFileReference; lastKnownFileType = sourcecode.swift; path = ListsManager.swift; sourceTree = "<group>"; };
		B2D9A6682247D91400576591 /* Invitation.swift */ = {isa = PBXFileReference; lastKnownFileType = sourcecode.swift; path = Invitation.swift; sourceTree = "<group>"; };
		B2D9A66A2248230300576591 /* InvitationsViewController.swift */ = {isa = PBXFileReference; lastKnownFileType = sourcecode.swift; path = InvitationsViewController.swift; sourceTree = "<group>"; };
		DEBA94ECABBD3A3EA6EDCF9D /* libPods-SharedList.a */ = {isa = PBXFileReference; explicitFileType = archive.ar; includeInIndex = 0; path = "libPods-SharedList.a"; sourceTree = BUILT_PRODUCTS_DIR; };
/* End PBXFileReference section */

/* Begin PBXFrameworksBuildPhase section */
		B2A29AF0222491F800698D05 /* Frameworks */ = {
			isa = PBXFrameworksBuildPhase;
			buildActionMask = 2147483647;
			files = (
				D38C9C17E910373543BCCB9E /* libPods-SharedList.a in Frameworks */,
			);
			runOnlyForDeploymentPostprocessing = 0;
		};
/* End PBXFrameworksBuildPhase section */

/* Begin PBXGroup section */
		00325882394860275448BEFB /* Frameworks */ = {
			isa = PBXGroup;
			children = (
				DEBA94ECABBD3A3EA6EDCF9D /* libPods-SharedList.a */,
			);
			name = Frameworks;
			sourceTree = "<group>";
		};
		589CF831EE6C02D6194111AA /* Pods */ = {
			isa = PBXGroup;
			children = (
				01555E8B0F1869532C63765B /* Pods-SharedList.debug.xcconfig */,
				056A402CC157056C2FD6A153 /* Pods-SharedList.release.xcconfig */,
			);
			name = Pods;
			sourceTree = "<group>";
		};
		B2A29AEA222491F800698D05 = {
			isa = PBXGroup;
			children = (
				B2A29AF5222491F800698D05 /* SharedList */,
				B2A29AF4222491F800698D05 /* Products */,
				589CF831EE6C02D6194111AA /* Pods */,
				00325882394860275448BEFB /* Frameworks */,
			);
			sourceTree = "<group>";
		};
		B2A29AF4222491F800698D05 /* Products */ = {
			isa = PBXGroup;
			children = (
				B2A29AF3222491F800698D05 /* SharedList.app */,
			);
			name = Products;
			sourceTree = "<group>";
		};
		B2A29AF5222491F800698D05 /* SharedList */ = {
			isa = PBXGroup;
			children = (
				B2C06E81224945830074C43E /* Utilities */,
				B2D9A663224052B800576591 /* Managers */,
				B2A29AF6222491F800698D05 /* AppDelegate.swift */,
				B2C3D60B222BD314005321BB /* Controller */,
				B2C3D60C222BD327005321BB /* View */,
				B2A29AFD222491FA00698D05 /* Assets.xcassets */,
				B2A29B02222491FA00698D05 /* Info.plist */,
				B2C3D613222BD59E005321BB /* GoogleService-Info.plist */,
				B2C3D617222BE3E7005321BB /* Model */,
			);
			path = SharedList;
			sourceTree = "<group>";
		};
		B2C06E81224945830074C43E /* Utilities */ = {
			isa = PBXGroup;
			children = (
				B21C3D45225A5EE400723702 /* ObserversHandler.swift */,
				B2A7266A224D6E610087B46B /* FirebaseUtilities.swift */,
				B21419F022A1A08300EFC13F /* KeyboardLayoutConstraint.swift */,
				B2C06E822249459B0074C43E /* TimeoutGuard.swift */,
				B2C7161D22972C770047E2A2 /* FrbChangedObserver.swift */,
			);
			path = Utilities;
			sourceTree = "<group>";
		};
		B2C3D60B222BD314005321BB /* Controller */ = {
			isa = PBXGroup;
			children = (
				B2A29AF8222491F800698D05 /* ViewController.swift */,
				B2C3D60D222BD343005321BB /* RegisterViewController.swift */,
				B2C3D60F222BD34D005321BB /* LogInViewController.swift */,
				B2C3D611222BD358005321BB /* ListsViewController.swift */,
				B2B35E1D222C1ED7000EC2B2 /* SingleListViewController.swift */,
				B2D9A66A2248230300576591 /* InvitationsViewController.swift */,
				B2ADCA1722B7FBB6004F7576 /* ListEditViewController.swift */,
				B2227B4122B8241B0001BED5 /* ShareListViewController.swift */,
				B28AA0DF22DFA362006C3237 /* ViewControllersCommon.swift */,
			);
			path = Controller;
			sourceTree = "<group>";
		};
		B2C3D60C222BD327005321BB /* View */ = {
			isa = PBXGroup;
			children = (
				B2227B4222B8241B0001BED5 /* ShareListViewController.xib */,
				B2A29AFA222491F800698D05 /* Main.storyboard */,
				B2A29AFF222491FA00698D05 /* LaunchScreen.storyboard */,
			);
			path = View;
			sourceTree = "<group>";
		};
		B2C3D617222BE3E7005321BB /* Model */ = {
			isa = PBXGroup;
			children = (
				B2C3D615222BE395005321BB /* List.swift */,
				B2B35E1F222DBB17000EC2B2 /* Item.swift */,
				B2D9A6682247D91400576591 /* Invitation.swift */,
				B26A275622511C9E00091C43 /* User.swift */,
				B2C7161F229735D00047E2A2 /* Items.swift */,
			);
			path = Model;
			sourceTree = "<group>";
		};
		B2D9A663224052B800576591 /* Managers */ = {
			isa = PBXGroup;
			children = (
				B2D9A66122404F2000576591 /* ListsManager.swift */,
				B2B35E21222EEF5A000EC2B2 /* FirebaseManager.swift */,
				B26A275822511D0C00091C43 /* AuthManager.swift */,
				B2C7161B2295DE3D0047E2A2 /* SingleListManager.swift */,
				B220207022C91FFD00721A1C /* InvitationManager.swift */,
			);
			path = Managers;
			sourceTree = "<group>";
		};
/* End PBXGroup section */

/* Begin PBXNativeTarget section */
		B2A29AF2222491F800698D05 /* SharedList */ = {
			isa = PBXNativeTarget;
			buildConfigurationList = B2A29B05222491FA00698D05 /* Build configuration list for PBXNativeTarget "SharedList" */;
			buildPhases = (
				02C5511A60E62761B26C86A9 /* [CP] Check Pods Manifest.lock */,
				B2A29AEF222491F800698D05 /* Sources */,
				B2A29AF0222491F800698D05 /* Frameworks */,
				B2A29AF1222491F800698D05 /* Resources */,
				9B4E43BEB03296E9678810C8 /* [CP] Copy Pods Resources */,
			);
			buildRules = (
			);
			dependencies = (
			);
			name = SharedList;
			productName = SharedList;
			productReference = B2A29AF3222491F800698D05 /* SharedList.app */;
			productType = "com.apple.product-type.application";
		};
/* End PBXNativeTarget section */

/* Begin PBXProject section */
		B2A29AEB222491F800698D05 /* Project object */ = {
			isa = PBXProject;
			attributes = {
				LastSwiftUpdateCheck = 1010;
				LastUpgradeCheck = 1010;
				ORGANIZATIONNAME = Lukasz;
				TargetAttributes = {
					B2A29AF2222491F800698D05 = {
						CreatedOnToolsVersion = 10.1;
					};
				};
			};
			buildConfigurationList = B2A29AEE222491F800698D05 /* Build configuration list for PBXProject "SharedList" */;
			compatibilityVersion = "Xcode 9.3";
			developmentRegion = en;
			hasScannedForEncodings = 0;
			knownRegions = (
				en,
				Base,
			);
			mainGroup = B2A29AEA222491F800698D05;
			productRefGroup = B2A29AF4222491F800698D05 /* Products */;
			projectDirPath = "";
			projectRoot = "";
			targets = (
				B2A29AF2222491F800698D05 /* SharedList */,
			);
		};
/* End PBXProject section */

/* Begin PBXResourcesBuildPhase section */
		B2A29AF1222491F800698D05 /* Resources */ = {
			isa = PBXResourcesBuildPhase;
			buildActionMask = 2147483647;
			files = (
				B2A29B01222491FA00698D05 /* LaunchScreen.storyboard in Resources */,
				B2C3D614222BD59E005321BB /* GoogleService-Info.plist in Resources */,
				B2227B4422B8241B0001BED5 /* ShareListViewController.xib in Resources */,
				B2A29AFE222491FA00698D05 /* Assets.xcassets in Resources */,
				B2A29AFC222491F800698D05 /* Main.storyboard in Resources */,
			);
			runOnlyForDeploymentPostprocessing = 0;
		};
/* End PBXResourcesBuildPhase section */

/* Begin PBXShellScriptBuildPhase section */
		02C5511A60E62761B26C86A9 /* [CP] Check Pods Manifest.lock */ = {
			isa = PBXShellScriptBuildPhase;
			buildActionMask = 2147483647;
			files = (
			);
			inputFileListPaths = (
			);
			inputPaths = (
				"${PODS_PODFILE_DIR_PATH}/Podfile.lock",
				"${PODS_ROOT}/Manifest.lock",
			);
			name = "[CP] Check Pods Manifest.lock";
			outputFileListPaths = (
			);
			outputPaths = (
				"$(DERIVED_FILE_DIR)/Pods-SharedList-checkManifestLockResult.txt",
			);
			runOnlyForDeploymentPostprocessing = 0;
			shellPath = /bin/sh;
			shellScript = "diff \"${PODS_PODFILE_DIR_PATH}/Podfile.lock\" \"${PODS_ROOT}/Manifest.lock\" > /dev/null\nif [ $? != 0 ] ; then\n    # print error to STDERR\n    echo \"error: The sandbox is not in sync with the Podfile.lock. Run 'pod install' or update your CocoaPods installation.\" >&2\n    exit 1\nfi\n# This output is used by Xcode 'outputs' to avoid re-running this script phase.\necho \"SUCCESS\" > \"${SCRIPT_OUTPUT_FILE_0}\"\n";
			showEnvVarsInLog = 0;
		};
		9B4E43BEB03296E9678810C8 /* [CP] Copy Pods Resources */ = {
			isa = PBXShellScriptBuildPhase;
			buildActionMask = 2147483647;
			files = (
			);
			inputFileListPaths = (
				"${PODS_ROOT}/Target Support Files/Pods-SharedList/Pods-SharedList-resources-${CONFIGURATION}-input-files.xcfilelist",
			);
			name = "[CP] Copy Pods Resources";
			outputFileListPaths = (
				"${PODS_ROOT}/Target Support Files/Pods-SharedList/Pods-SharedList-resources-${CONFIGURATION}-output-files.xcfilelist",
			);
			runOnlyForDeploymentPostprocessing = 0;
			shellPath = /bin/sh;
			shellScript = "\"${PODS_ROOT}/Target Support Files/Pods-SharedList/Pods-SharedList-resources.sh\"\n";
			showEnvVarsInLog = 0;
		};
/* End PBXShellScriptBuildPhase section */

/* Begin PBXSourcesBuildPhase section */
		B2A29AEF222491F800698D05 /* Sources */ = {
			isa = PBXSourcesBuildPhase;
			buildActionMask = 2147483647;
			files = (
				B220207122C91FFD00721A1C /* InvitationManager.swift in Sources */,
				B2C3D610222BD34D005321BB /* LogInViewController.swift in Sources */,
				B2D9A66B2248230300576591 /* InvitationsViewController.swift in Sources */,
				B2C3D60E222BD343005321BB /* RegisterViewController.swift in Sources */,
				B26A275722511C9E00091C43 /* User.swift in Sources */,
				B21C3D46225A5EE400723702 /* ObserversHandler.swift in Sources */,
				B2D9A6692247D91400576591 /* Invitation.swift in Sources */,
				B2A29AF9222491F800698D05 /* ViewController.swift in Sources */,
				B2ADCA1822B7FBB6004F7576 /* ListEditViewController.swift in Sources */,
				B26A275922511D0C00091C43 /* AuthManager.swift in Sources */,
				B2B35E22222EEF5A000EC2B2 /* FirebaseManager.swift in Sources */,
				B2C7161C2295DE3D0047E2A2 /* SingleListManager.swift in Sources */,
				B2A29AF7222491F800698D05 /* AppDelegate.swift in Sources */,
				B2B35E20222DBB17000EC2B2 /* Item.swift in Sources */,
				B28AA0E022DFA362006C3237 /* ViewControllersCommon.swift in Sources */,
				B2227B4322B8241B0001BED5 /* ShareListViewController.swift in Sources */,
				B2C06E832249459B0074C43E /* TimeoutGuard.swift in Sources */,
				B2A7266B224D6E610087B46B /* FirebaseUtilities.swift in Sources */,
				B2C71620229735D00047E2A2 /* Items.swift in Sources */,
				B2C3D612222BD358005321BB /* ListsViewController.swift in Sources */,
				B2C3D616222BE395005321BB /* List.swift in Sources */,
				B2C7161E22972C770047E2A2 /* FrbChangedObserver.swift in Sources */,
				B21419F122A1A08300EFC13F /* KeyboardLayoutConstraint.swift in Sources */,
				B2B35E1E222C1ED7000EC2B2 /* SingleListViewController.swift in Sources */,
				B2D9A66222404F2000576591 /* ListsManager.swift in Sources */,
			);
			runOnlyForDeploymentPostprocessing = 0;
		};
/* End PBXSourcesBuildPhase section */

/* Begin PBXVariantGroup section */
		B2A29AFA222491F800698D05 /* Main.storyboard */ = {
			isa = PBXVariantGroup;
			children = (
				B2A29AFB222491F800698D05 /* Base */,
			);
			name = Main.storyboard;
			sourceTree = "<group>";
		};
		B2A29AFF222491FA00698D05 /* LaunchScreen.storyboard */ = {
			isa = PBXVariantGroup;
			children = (
				B2A29B00222491FA00698D05 /* Base */,
			);
			name = LaunchScreen.storyboard;
			sourceTree = "<group>";
		};
/* End PBXVariantGroup section */

/* Begin XCBuildConfiguration section */
		B2A29B03222491FA00698D05 /* Debug */ = {
			isa = XCBuildConfiguration;
			buildSettings = {
				ALWAYS_SEARCH_USER_PATHS = NO;
				CLANG_ANALYZER_NONNULL = YES;
				CLANG_ANALYZER_NUMBER_OBJECT_CONVERSION = YES_AGGRESSIVE;
				CLANG_CXX_LANGUAGE_STANDARD = "gnu++14";
				CLANG_CXX_LIBRARY = "libc++";
				CLANG_ENABLE_MODULES = YES;
				CLANG_ENABLE_OBJC_ARC = YES;
				CLANG_ENABLE_OBJC_WEAK = YES;
				CLANG_WARN_BLOCK_CAPTURE_AUTORELEASING = YES;
				CLANG_WARN_BOOL_CONVERSION = YES;
				CLANG_WARN_COMMA = YES;
				CLANG_WARN_CONSTANT_CONVERSION = YES;
				CLANG_WARN_DEPRECATED_OBJC_IMPLEMENTATIONS = YES;
				CLANG_WARN_DIRECT_OBJC_ISA_USAGE = YES_ERROR;
				CLANG_WARN_DOCUMENTATION_COMMENTS = YES;
				CLANG_WARN_EMPTY_BODY = YES;
				CLANG_WARN_ENUM_CONVERSION = YES;
				CLANG_WARN_INFINITE_RECURSION = YES;
				CLANG_WARN_INT_CONVERSION = YES;
				CLANG_WARN_NON_LITERAL_NULL_CONVERSION = YES;
				CLANG_WARN_OBJC_IMPLICIT_RETAIN_SELF = YES;
				CLANG_WARN_OBJC_LITERAL_CONVERSION = YES;
				CLANG_WARN_OBJC_ROOT_CLASS = YES_ERROR;
				CLANG_WARN_RANGE_LOOP_ANALYSIS = YES;
				CLANG_WARN_STRICT_PROTOTYPES = YES;
				CLANG_WARN_SUSPICIOUS_MOVE = YES;
				CLANG_WARN_UNGUARDED_AVAILABILITY = YES_AGGRESSIVE;
				CLANG_WARN_UNREACHABLE_CODE = YES;
				CLANG_WARN__DUPLICATE_METHOD_MATCH = YES;
				CODE_SIGN_IDENTITY = "iPhone Developer";
				COPY_PHASE_STRIP = NO;
				DEBUG_INFORMATION_FORMAT = dwarf;
				ENABLE_STRICT_OBJC_MSGSEND = YES;
				ENABLE_TESTABILITY = YES;
				GCC_C_LANGUAGE_STANDARD = gnu11;
				GCC_DYNAMIC_NO_PIC = NO;
				GCC_NO_COMMON_BLOCKS = YES;
				GCC_OPTIMIZATION_LEVEL = 0;
				GCC_PREPROCESSOR_DEFINITIONS = (
					"DEBUG=1",
					"$(inherited)",
				);
				GCC_WARN_64_TO_32_BIT_CONVERSION = YES;
				GCC_WARN_ABOUT_RETURN_TYPE = YES_ERROR;
				GCC_WARN_UNDECLARED_SELECTOR = YES;
				GCC_WARN_UNINITIALIZED_AUTOS = YES_AGGRESSIVE;
				GCC_WARN_UNUSED_FUNCTION = YES;
				GCC_WARN_UNUSED_VARIABLE = YES;
				IPHONEOS_DEPLOYMENT_TARGET = 12.1;
				MTL_ENABLE_DEBUG_INFO = INCLUDE_SOURCE;
				MTL_FAST_MATH = YES;
				ONLY_ACTIVE_ARCH = YES;
				SDKROOT = iphoneos;
				SWIFT_ACTIVE_COMPILATION_CONDITIONS = DEBUG;
				SWIFT_OPTIMIZATION_LEVEL = "-Onone";
			};
			name = Debug;
		};
		B2A29B04222491FA00698D05 /* Release */ = {
			isa = XCBuildConfiguration;
			buildSettings = {
				ALWAYS_SEARCH_USER_PATHS = NO;
				CLANG_ANALYZER_NONNULL = YES;
				CLANG_ANALYZER_NUMBER_OBJECT_CONVERSION = YES_AGGRESSIVE;
				CLANG_CXX_LANGUAGE_STANDARD = "gnu++14";
				CLANG_CXX_LIBRARY = "libc++";
				CLANG_ENABLE_MODULES = YES;
				CLANG_ENABLE_OBJC_ARC = YES;
				CLANG_ENABLE_OBJC_WEAK = YES;
				CLANG_WARN_BLOCK_CAPTURE_AUTORELEASING = YES;
				CLANG_WARN_BOOL_CONVERSION = YES;
				CLANG_WARN_COMMA = YES;
				CLANG_WARN_CONSTANT_CONVERSION = YES;
				CLANG_WARN_DEPRECATED_OBJC_IMPLEMENTATIONS = YES;
				CLANG_WARN_DIRECT_OBJC_ISA_USAGE = YES_ERROR;
				CLANG_WARN_DOCUMENTATION_COMMENTS = YES;
				CLANG_WARN_EMPTY_BODY = YES;
				CLANG_WARN_ENUM_CONVERSION = YES;
				CLANG_WARN_INFINITE_RECURSION = YES;
				CLANG_WARN_INT_CONVERSION = YES;
				CLANG_WARN_NON_LITERAL_NULL_CONVERSION = YES;
				CLANG_WARN_OBJC_IMPLICIT_RETAIN_SELF = YES;
				CLANG_WARN_OBJC_LITERAL_CONVERSION = YES;
				CLANG_WARN_OBJC_ROOT_CLASS = YES_ERROR;
				CLANG_WARN_RANGE_LOOP_ANALYSIS = YES;
				CLANG_WARN_STRICT_PROTOTYPES = YES;
				CLANG_WARN_SUSPICIOUS_MOVE = YES;
				CLANG_WARN_UNGUARDED_AVAILABILITY = YES_AGGRESSIVE;
				CLANG_WARN_UNREACHABLE_CODE = YES;
				CLANG_WARN__DUPLICATE_METHOD_MATCH = YES;
				CODE_SIGN_IDENTITY = "iPhone Developer";
				COPY_PHASE_STRIP = NO;
				DEBUG_INFORMATION_FORMAT = "dwarf-with-dsym";
				ENABLE_NS_ASSERTIONS = NO;
				ENABLE_STRICT_OBJC_MSGSEND = YES;
				GCC_C_LANGUAGE_STANDARD = gnu11;
				GCC_NO_COMMON_BLOCKS = YES;
				GCC_WARN_64_TO_32_BIT_CONVERSION = YES;
				GCC_WARN_ABOUT_RETURN_TYPE = YES_ERROR;
				GCC_WARN_UNDECLARED_SELECTOR = YES;
				GCC_WARN_UNINITIALIZED_AUTOS = YES_AGGRESSIVE;
				GCC_WARN_UNUSED_FUNCTION = YES;
				GCC_WARN_UNUSED_VARIABLE = YES;
				IPHONEOS_DEPLOYMENT_TARGET = 12.1;
				MTL_ENABLE_DEBUG_INFO = NO;
				MTL_FAST_MATH = YES;
				SDKROOT = iphoneos;
				SWIFT_COMPILATION_MODE = wholemodule;
				SWIFT_OPTIMIZATION_LEVEL = "-O";
				VALIDATE_PRODUCT = YES;
			};
			name = Release;
		};
		B2A29B06222491FA00698D05 /* Debug */ = {
			isa = XCBuildConfiguration;
			baseConfigurationReference = 01555E8B0F1869532C63765B /* Pods-SharedList.debug.xcconfig */;
			buildSettings = {
				ASSETCATALOG_COMPILER_APPICON_NAME = AppIcon;
				CODE_SIGN_STYLE = Automatic;
				DEVELOPMENT_TEAM = B942GL56UY;
				INFOPLIST_FILE = SharedList/Info.plist;
				LD_RUNPATH_SEARCH_PATHS = (
					"$(inherited)",
					"@executable_path/Frameworks",
				);
				PRODUCT_BUNDLE_IDENTIFIER = com.AW.SharedList;
				PRODUCT_NAME = "$(TARGET_NAME)";
				SWIFT_VERSION = 4.2;
				TARGETED_DEVICE_FAMILY = 1;
			};
			name = Debug;
		};
		B2A29B07222491FA00698D05 /* Release */ = {
			isa = XCBuildConfiguration;
			baseConfigurationReference = 056A402CC157056C2FD6A153 /* Pods-SharedList.release.xcconfig */;
			buildSettings = {
				ASSETCATALOG_COMPILER_APPICON_NAME = AppIcon;
				CODE_SIGN_STYLE = Automatic;
				DEVELOPMENT_TEAM = B942GL56UY;
				INFOPLIST_FILE = SharedList/Info.plist;
				LD_RUNPATH_SEARCH_PATHS = (
					"$(inherited)",
					"@executable_path/Frameworks",
				);
				PRODUCT_BUNDLE_IDENTIFIER = com.AW.SharedList;
				PRODUCT_NAME = "$(TARGET_NAME)";
				SWIFT_VERSION = 4.2;
				TARGETED_DEVICE_FAMILY = 1;
			};
			name = Release;
		};
/* End XCBuildConfiguration section */

/* Begin XCConfigurationList section */
		B2A29AEE222491F800698D05 /* Build configuration list for PBXProject "SharedList" */ = {
			isa = XCConfigurationList;
			buildConfigurations = (
				B2A29B03222491FA00698D05 /* Debug */,
				B2A29B04222491FA00698D05 /* Release */,
			);
			defaultConfigurationIsVisible = 0;
			defaultConfigurationName = Release;
		};
		B2A29B05222491FA00698D05 /* Build configuration list for PBXNativeTarget "SharedList" */ = {
			isa = XCConfigurationList;
			buildConfigurations = (
				B2A29B06222491FA00698D05 /* Debug */,
				B2A29B07222491FA00698D05 /* Release */,
			);
			defaultConfigurationIsVisible = 0;
			defaultConfigurationName = Release;
		};
/* End XCConfigurationList section */
	};
	rootObject = B2A29AEB222491F800698D05 /* Project object */;
}
